
Microsoft Visual Studio Solution File, Format Version 12.00
# Visual Studio Version 16
VisualStudioVersion = 16.0.30804.86
MinimumVisualStudioVersion = 10.0.40219.1
Project("{9A19103F-16F7-4668-BE54-9A1E7A4F7556}") = "Log73", "src\Log73\Log73.csproj", "{13786234-F6AD-4E03-AB4B-A7574C869943}"
EndProject
Project("{9A19103F-16F7-4668-BE54-9A1E7A4F7556}") = "Log73Testing", "src\Log73Testing\Log73Testing.csproj", "{5ACF4507-7554-475C-8A24-00224FCBC215}"
EndProject
Project("{FAE04EC0-301F-11D3-BF4B-00C04F79EFBC}") = "Log73.Extensions.Logging", "src\Log73.Extensions.Logging\Log73.Extensions.Logging.csproj", "{5745AC84-04C3-47C1-B831-18F1876E4C64}"
EndProject
Project("{FAE04EC0-301F-11D3-BF4B-00C04F79EFBC}") = "Log73.Extensions.NewtonsoftJson", "src\Log73.Extensions.NewtonsoftJson\Log73.Extensions.NewtonsoftJson.csproj", "{589B9050-6129-4E38-BC3D-42BB62AF0C15}"
EndProject
Project("{FAE04EC0-301F-11D3-BF4B-00C04F79EFBC}") = "Log73.Extensions.YamlDotNet", "src\Log73.Extensions.YamlDotNet\Log73.Extensions.YamlDotNet.csproj", "{17C6117B-DFED-4619-B90E-7414A7EA6C30}"
EndProject
Global
	GlobalSection(SolutionConfigurationPlatforms) = preSolution
		Debug|Any CPU = Debug|Any CPU
		Release|Any CPU = Release|Any CPU
	EndGlobalSection
	GlobalSection(ProjectConfigurationPlatforms) = postSolution
		{13786234-F6AD-4E03-AB4B-A7574C869943}.Debug|Any CPU.ActiveCfg = Debug|Any CPU
		{13786234-F6AD-4E03-AB4B-A7574C869943}.Debug|Any CPU.Build.0 = Debug|Any CPU
		{13786234-F6AD-4E03-AB4B-A7574C869943}.Release|Any CPU.ActiveCfg = Release|Any CPU
		{13786234-F6AD-4E03-AB4B-A7574C869943}.Release|Any CPU.Build.0 = Release|Any CPU
		{5ACF4507-7554-475C-8A24-00224FCBC215}.Debug|Any CPU.ActiveCfg = Debug|Any CPU
		{5ACF4507-7554-475C-8A24-00224FCBC215}.Debug|Any CPU.Build.0 = Debug|Any CPU
		{5ACF4507-7554-475C-8A24-00224FCBC215}.Release|Any CPU.ActiveCfg = Release|Any CPU
		{5ACF4507-7554-475C-8A24-00224FCBC215}.Release|Any CPU.Build.0 = Release|Any CPU
		{5745AC84-04C3-47C1-B831-18F1876E4C64}.Debug|Any CPU.ActiveCfg = Debug|Any CPU
		{5745AC84-04C3-47C1-B831-18F1876E4C64}.Debug|Any CPU.Build.0 = Debug|Any CPU
		{5745AC84-04C3-47C1-B831-18F1876E4C64}.Release|Any CPU.ActiveCfg = Release|Any CPU
		{5745AC84-04C3-47C1-B831-18F1876E4C64}.Release|Any CPU.Build.0 = Release|Any CPU
		{589B9050-6129-4E38-BC3D-42BB62AF0C15}.Debug|Any CPU.ActiveCfg = Debug|Any CPU
		{589B9050-6129-4E38-BC3D-42BB62AF0C15}.Debug|Any CPU.Build.0 = Debug|Any CPU
		{589B9050-6129-4E38-BC3D-42BB62AF0C15}.Release|Any CPU.ActiveCfg = Release|Any CPU
		{589B9050-6129-4E38-BC3D-42BB62AF0C15}.Release|Any CPU.Build.0 = Release|Any CPU
		{17C6117B-DFED-4619-B90E-7414A7EA6C30}.Debug|Any CPU.ActiveCfg = Debug|Any CPU
		{17C6117B-DFED-4619-B90E-7414A7EA6C30}.Debug|Any CPU.Build.0 = Debug|Any CPU
		{17C6117B-DFED-4619-B90E-7414A7EA6C30}.Release|Any CPU.ActiveCfg = Release|Any CPU
		{17C6117B-DFED-4619-B90E-7414A7EA6C30}.Release|Any CPU.Build.0 = Release|Any CPU
	EndGlobalSection
	GlobalSection(SolutionProperties) = preSolution
		HideSolutionNode = FALSE
	EndGlobalSection
	GlobalSection(ExtensibilityGlobals) = postSolution
		SolutionGuid = {FC290B54-89ED-4EAC-8639-D230D5AAD49E}
	EndGlobalSection
EndGlobal
